// !$*UTF8*$!
{
	archiveVersion = 1;
	classes = {
	};
	objectVersion = 50;
	objects = {

/* Begin PBXFileReference section */
		212AF9DD273F7DB700150799 /* output_29_3.png */ = {isa = PBXFileReference; lastKnownFileType = image.png; path = output_29_3.png; sourceTree = "<group>"; };
		212AF9DE273F7DB700150799 /* Distance_trajectory_AUS-NEM.html */ = {isa = PBXFileReference; lastKnownFileType = text.html; path = "Distance_trajectory_AUS-NEM.html"; sourceTree = "<group>"; };
/* End PBXFileReference section */

/* Begin PBXGroup section */
		212AF9D1273F6AD600150799 = {
			isa = PBXGroup;
			children = (
				212AF9DC273F7DB700150799 /* Distance_trajectory_AUS-NEM */,
			);
			sourceTree = "<group>";
		};
		212AF9DC273F7DB700150799 /* Distance_trajectory_AUS-NEM */ = {
			isa = PBXGroup;
			children = (
				212AF9DD273F7DB700150799 /* output_29_3.png */,
				212AF9DE273F7DB700150799 /* Distance_trajectory_AUS-NEM.html */,
			);
			path = "Distance_trajectory_AUS-NEM";
			sourceTree = "<group>";
		};
/* End PBXGroup section */

/* Begin PBXProject section */
		212AF9D2273F6AD600150799 /* Project object */ = {
			isa = PBXProject;
			attributes = {
				LastUpgradeCheck = 1250;
			};
			buildConfigurationList = 212AF9D5273F6AD600150799 /* Build configuration list for PBXProject "DRCC-TNEP" */;
			compatibilityVersion = "Xcode 9.3";
			developmentRegion = en;
			hasScannedForEncodings = 0;
			knownRegions = (
				en,
				Base,
			);
			mainGroup = 212AF9D1273F6AD600150799;
			projectDirPath = "";
			projectRoot = "";
			targets = (
			);
		};
/* End PBXProject section */

/* Begin XCBuildConfiguration section */
		212AF9D6273F6AD600150799 /* Debug */ = {
			isa = XCBuildConfiguration;
			buildSettings = {
			};
			name = Debug;
		};
		212AF9D7273F6AD600150799 /* Release */ = {
			isa = XCBuildConfiguration;
			buildSettings = {
			};
			name = Release;
		};
/* End XCBuildConfiguration section */

/* Begin XCConfigurationList section */
		212AF9D5273F6AD600150799 /* Build configuration list for PBXProject "DRCC-TNEP" */ = {
			isa = XCConfigurationList;
			buildConfigurations = (
				212AF9D6273F6AD600150799 /* Debug */,
				212AF9D7273F6AD600150799 /* Release */,
			);
			defaultConfigurationIsVisible = 0;
			defaultConfigurationName = Release;
		};
/* End XCConfigurationList section */
	};
	rootObject = 212AF9D2273F6AD600150799 /* Project object */;
}
